
Microsoft Visual Studio Solution File, Format Version 12.00
# Visual Studio Version 17
VisualStudioVersion = 17.0.31903.59
MinimumVisualStudioVersion = 10.0.40219.1
Project("{2150E333-8FDC-42A3-9474-1A3956D46DE8}") = "samples", "samples", "{5D20AA90-6969-D8BD-9DCD-8634F4692FDA}"
EndProject
Project("{FAE04EC0-301F-11D3-BF4B-00C04F79EFBC}") = "Wpf.Ui.Demo.Console", "samples\Wpf.Ui.Demo.Console\Wpf.Ui.Demo.Console.csproj", "{27CA0440-6990-4A34-8F71-A02751476D76}"
EndProject
Project("{2150E333-8FDC-42A3-9474-1A3956D46DE8}") = "src", "src", "{827E0CD3-B72D-47B6-A68D-7590B98EB39B}"
EndProject
Project("{FAE04EC0-301F-11D3-BF4B-00C04F79EFBC}") = "Wpf.Ui", "src\Wpf.Ui\Wpf.Ui.csproj", "{8A3C3C76-496F-4201-A8E4-2B2C7D5AFAE1}"
EndProject
Project("{FAE04EC0-301F-11D3-BF4B-00C04F79EFBC}") = "Wpf.Ui.Abstractions", "src\Wpf.Ui.Abstractions\Wpf.Ui.Abstractions.csproj", "{535CD1D3-64D3-4A81-BC45-1D25FF94902B}"
EndProject
Project("{FAE04EC0-301F-11D3-BF4B-00C04F79EFBC}") = "Wpf.Ui.Demo.Dialogs", "samples\Wpf.Ui.Demo.Dialogs\Wpf.Ui.Demo.Dialogs.csproj", "{AC7D9C37-912B-45AB-949D-7A9ECF579C6E}"
EndProject
Project("{FAE04EC0-301F-11D3-BF4B-00C04F79EFBC}") = "Wpf.Ui.Demo.Mvvm", "samples\Wpf.Ui.Demo.Mvvm\Wpf.Ui.Demo.Mvvm.csproj", "{BF11143E-C62C-4E1F-AF5C-265C989ED1F1}"
EndProject
Project("{FAE04EC0-301F-11D3-BF4B-00C04F79EFBC}") = "Wpf.Ui.DependencyInjection", "src\Wpf.Ui.DependencyInjection\Wpf.Ui.DependencyInjection.csproj", "{CEC4FCDB-257B-42D1-AA6D-9D91C8937BD5}"
EndProject
Project("{FAE04EC0-301F-11D3-BF4B-00C04F79EFBC}") = "Wpf.Ui.ToastNotifications", "src\Wpf.Ui.ToastNotifications\Wpf.Ui.ToastNotifications.csproj", "{79042909-3B19-49B4-A968-9B3DDA21F00D}"
EndProject
Project("{FAE04EC0-301F-11D3-BF4B-00C04F79EFBC}") = "Wpf.Ui.Tray", "src\Wpf.Ui.Tray\Wpf.Ui.Tray.csproj", "{BCD16933-6515-4B76-81DC-04F7ED9E621C}"
EndProject
Project("{FAE04EC0-301F-11D3-BF4B-00C04F79EFBC}") = "Wpf.Ui.Demo.SetResources.Simple", "samples\Wpf.Ui.Demo.SetResources.Simple\Wpf.Ui.Demo.SetResources.Simple.csproj", "{46809316-C667-4110-A851-3695E99DAE1F}"
EndProject
Project("{FAE04EC0-301F-11D3-BF4B-00C04F79EFBC}") = "Wpf.Ui.Demo.Simple", "samples\Wpf.Ui.Demo.Simple\Wpf.Ui.Demo.Simple.csproj", "{2748110E-6928-4C0A-B9B4-03F708C234CA}"
EndProject
Project("{2150E333-8FDC-42A3-9474-1A3956D46DE8}") = "Wpf.Ui.Extension.Template.Blank", "Wpf.Ui.Extension.Template.Blank", "{E3B6B3D1-F72C-C946-E01C-1F80FD308419}"
EndProject
Project("{FAE04EC0-301F-11D3-BF4B-00C04F79EFBC}") = "Wpf.Ui.Blank", "src\Wpf.Ui.Extension.Template.Blank\Wpf.Ui.Blank.csproj", "{3A6FC4BD-9C32-4B22-879B-8E038DCC4CF2}"
EndProject
Project("{2150E333-8FDC-42A3-9474-1A3956D46DE8}") = "Wpf.Ui.Extension.Template.Compact", "Wpf.Ui.Extension.Template.Compact", "{C144B3C5-CC24-2D8D-A77F-EB45B14B44B2}"
EndProject
Project("{FAE04EC0-301F-11D3-BF4B-00C04F79EFBC}") = "Wpf.Ui.Compact", "src\Wpf.Ui.Extension.Template.Compact\Wpf.Ui.Compact.csproj", "{26BE08A4-CB5F-44D0-BA50-E5472F46E013}"
EndProject
Project("{2150E333-8FDC-42A3-9474-1A3956D46DE8}") = "Wpf.Ui.Extension.Template.Fluent", "Wpf.Ui.Extension.Template.Fluent", "{C5426E1D-1593-DF81-789F-E99A6EDCFD8C}"
EndProject
Project("{FAE04EC0-301F-11D3-BF4B-00C04F79EFBC}") = "Wpf.Ui.Fluent", "src\Wpf.Ui.Extension.Template.Fluent\Wpf.Ui.Fluent.csproj", "{11BB3B87-859D-4B8C-9FA4-0F29B0A85296}"
EndProject
Project("{FAE04EC0-301F-11D3-BF4B-00C04F79EFBC}") = "Wpf.Ui.FlaUI", "src\Wpf.Ui.FlaUI\Wpf.Ui.FlaUI.csproj", "{3A4C2CBF-79AF-4FFF-BD1A-FEDBF4036FA7}"
EndProject
Project("{FAE04EC0-301F-11D3-BF4B-00C04F79EFBC}") = "Wpf.Ui.FontMapper", "src\Wpf.Ui.FontMapper\Wpf.Ui.FontMapper.csproj", "{7F371F41-A139-4E98-9FF5-FD22C2D228B7}"
EndProject
Project("{FAE04EC0-301F-11D3-BF4B-00C04F79EFBC}") = "Wpf.Ui.Gallery", "src\Wpf.Ui.Gallery\Wpf.Ui.Gallery.csproj", "{E909B3C4-A742-415C-A774-1A68AFBC3839}"
EndProject
Project("{FAE04EC0-301F-11D3-BF4B-00C04F79EFBC}") = "Wpf.Ui.SyntaxHighlight", "src\Wpf.Ui.SyntaxHighlight\Wpf.Ui.SyntaxHighlight.csproj", "{37D777D9-5D13-44B1-80C2-39F56AB7D13E}"
EndProject
Project("{2150E333-8FDC-42A3-9474-1A3956D46DE8}") = "tests", "tests", "{0AB3BF05-4346-4AA6-1389-037BE0695223}"
EndProject
Project("{FAE04EC0-301F-11D3-BF4B-00C04F79EFBC}") = "Wpf.Ui.Gallery.IntegrationTests", "tests\Wpf.Ui.Gallery.IntegrationTests\Wpf.Ui.Gallery.IntegrationTests.csproj", "{3CFCB5E2-4AC5-4AD4-9E8D-126AEEF9EABB}"
EndProject
Project("{FAE04EC0-301F-11D3-BF4B-00C04F79EFBC}") = "Wpf.Ui.UnitTests", "tests\Wpf.Ui.UnitTests\Wpf.Ui.UnitTests.csproj", "{0CC1B187-D843-4345-AE5C-4948493E7ACD}"
EndProject
Global
	GlobalSection(SolutionConfigurationPlatforms) = preSolution
		Debug|Any CPU = Debug|Any CPU
		Debug|x64 = Debug|x64
		Debug|x86 = Debug|x86
		Release|Any CPU = Release|Any CPU
		Release|x64 = Release|x64
		Release|x86 = Release|x86
	EndGlobalSection
	GlobalSection(ProjectConfigurationPlatforms) = postSolution
		{27CA0440-6990-4A34-8F71-A02751476D76}.Debug|Any CPU.ActiveCfg = Debug|Any CPU
		{27CA0440-6990-4A34-8F71-A02751476D76}.Debug|Any CPU.Build.0 = Debug|Any CPU
		{27CA0440-6990-4A34-8F71-A02751476D76}.Debug|x64.ActiveCfg = Debug|Any CPU
		{27CA0440-6990-4A34-8F71-A02751476D76}.Debug|x64.Build.0 = Debug|Any CPU
		{27CA0440-6990-4A34-8F71-A02751476D76}.Debug|x86.ActiveCfg = Debug|Any CPU
		{27CA0440-6990-4A34-8F71-A02751476D76}.Debug|x86.Build.0 = Debug|Any CPU
		{27CA0440-6990-4A34-8F71-A02751476D76}.Release|Any CPU.ActiveCfg = Release|Any CPU
		{27CA0440-6990-4A34-8F71-A02751476D76}.Release|Any CPU.Build.0 = Release|Any CPU
		{27CA0440-6990-4A34-8F71-A02751476D76}.Release|x64.ActiveCfg = Release|Any CPU
		{27CA0440-6990-4A34-8F71-A02751476D76}.Release|x64.Build.0 = Release|Any CPU
		{27CA0440-6990-4A34-8F71-A02751476D76}.Release|x86.ActiveCfg = Release|Any CPU
		{27CA0440-6990-4A34-8F71-A02751476D76}.Release|x86.Build.0 = Release|Any CPU
		{8A3C3C76-496F-4201-A8E4-2B2C7D5AFAE1}.Debug|Any CPU.ActiveCfg = Debug|Any CPU
		{8A3C3C76-496F-4201-A8E4-2B2C7D5AFAE1}.Debug|Any CPU.Build.0 = Debug|Any CPU
		{8A3C3C76-496F-4201-A8E4-2B2C7D5AFAE1}.Debug|x64.ActiveCfg = Debug|Any CPU
		{8A3C3C76-496F-4201-A8E4-2B2C7D5AFAE1}.Debug|x64.Build.0 = Debug|Any CPU
		{8A3C3C76-496F-4201-A8E4-2B2C7D5AFAE1}.Debug|x86.ActiveCfg = Debug|Any CPU
		{8A3C3C76-496F-4201-A8E4-2B2C7D5AFAE1}.Debug|x86.Build.0 = Debug|Any CPU
		{8A3C3C76-496F-4201-A8E4-2B2C7D5AFAE1}.Release|Any CPU.ActiveCfg = Release|Any CPU
		{8A3C3C76-496F-4201-A8E4-2B2C7D5AFAE1}.Release|Any CPU.Build.0 = Release|Any CPU
		{8A3C3C76-496F-4201-A8E4-2B2C7D5AFAE1}.Release|x64.ActiveCfg = Release|Any CPU
		{8A3C3C76-496F-4201-A8E4-2B2C7D5AFAE1}.Release|x64.Build.0 = Release|Any CPU
		{8A3C3C76-496F-4201-A8E4-2B2C7D5AFAE1}.Release|x86.ActiveCfg = Release|Any CPU
		{8A3C3C76-496F-4201-A8E4-2B2C7D5AFAE1}.Release|x86.Build.0 = Release|Any CPU
		{535CD1D3-64D3-4A81-BC45-1D25FF94902B}.Debug|Any CPU.ActiveCfg = Debug|Any CPU
		{535CD1D3-64D3-4A81-BC45-1D25FF94902B}.Debug|Any CPU.Build.0 = Debug|Any CPU
		{535CD1D3-64D3-4A81-BC45-1D25FF94902B}.Debug|x64.ActiveCfg = Debug|Any CPU
		{535CD1D3-64D3-4A81-BC45-1D25FF94902B}.Debug|x64.Build.0 = Debug|Any CPU
		{535CD1D3-64D3-4A81-BC45-1D25FF94902B}.Debug|x86.ActiveCfg = Debug|Any CPU
		{535CD1D3-64D3-4A81-BC45-1D25FF94902B}.Debug|x86.Build.0 = Debug|Any CPU
		{535CD1D3-64D3-4A81-BC45-1D25FF94902B}.Release|Any CPU.ActiveCfg = Release|Any CPU
		{535CD1D3-64D3-4A81-BC45-1D25FF94902B}.Release|Any CPU.Build.0 = Release|Any CPU
		{535CD1D3-64D3-4A81-BC45-1D25FF94902B}.Release|x64.ActiveCfg = Release|Any CPU
		{535CD1D3-64D3-4A81-BC45-1D25FF94902B}.Release|x64.Build.0 = Release|Any CPU
		{535CD1D3-64D3-4A81-BC45-1D25FF94902B}.Release|x86.ActiveCfg = Release|Any CPU
		{535CD1D3-64D3-4A81-BC45-1D25FF94902B}.Release|x86.Build.0 = Release|Any CPU
		{AC7D9C37-912B-45AB-949D-7A9ECF579C6E}.Debug|Any CPU.ActiveCfg = Debug|Any CPU
		{AC7D9C37-912B-45AB-949D-7A9ECF579C6E}.Debug|Any CPU.Build.0 = Debug|Any CPU
		{AC7D9C37-912B-45AB-949D-7A9ECF579C6E}.Debug|x64.ActiveCfg = Debug|Any CPU
		{AC7D9C37-912B-45AB-949D-7A9ECF579C6E}.Debug|x64.Build.0 = Debug|Any CPU
		{AC7D9C37-912B-45AB-949D-7A9ECF579C6E}.Debug|x86.ActiveCfg = Debug|Any CPU
		{AC7D9C37-912B-45AB-949D-7A9ECF579C6E}.Debug|x86.Build.0 = Debug|Any CPU
		{AC7D9C37-912B-45AB-949D-7A9ECF579C6E}.Release|Any CPU.ActiveCfg = Release|Any CPU
		{AC7D9C37-912B-45AB-949D-7A9ECF579C6E}.Release|Any CPU.Build.0 = Release|Any CPU
		{AC7D9C37-912B-45AB-949D-7A9ECF579C6E}.Release|x64.ActiveCfg = Release|Any CPU
		{AC7D9C37-912B-45AB-949D-7A9ECF579C6E}.Release|x64.Build.0 = Release|Any CPU
		{AC7D9C37-912B-45AB-949D-7A9ECF579C6E}.Release|x86.ActiveCfg = Release|Any CPU
		{AC7D9C37-912B-45AB-949D-7A9ECF579C6E}.Release|x86.Build.0 = Release|Any CPU
		{BF11143E-C62C-4E1F-AF5C-265C989ED1F1}.Debug|Any CPU.ActiveCfg = Debug|Any CPU
		{BF11143E-C62C-4E1F-AF5C-265C989ED1F1}.Debug|Any CPU.Build.0 = Debug|Any CPU
		{BF11143E-C62C-4E1F-AF5C-265C989ED1F1}.Debug|x64.ActiveCfg = Debug|Any CPU
		{BF11143E-C62C-4E1F-AF5C-265C989ED1F1}.Debug|x64.Build.0 = Debug|Any CPU
		{BF11143E-C62C-4E1F-AF5C-265C989ED1F1}.Debug|x86.ActiveCfg = Debug|Any CPU
		{BF11143E-C62C-4E1F-AF5C-265C989ED1F1}.Debug|x86.Build.0 = Debug|Any CPU
		{BF11143E-C62C-4E1F-AF5C-265C989ED1F1}.Release|Any CPU.ActiveCfg = Release|Any CPU
		{BF11143E-C62C-4E1F-AF5C-265C989ED1F1}.Release|Any CPU.Build.0 = Release|Any CPU
		{BF11143E-C62C-4E1F-AF5C-265C989ED1F1}.Release|x64.ActiveCfg = Release|Any CPU
		{BF11143E-C62C-4E1F-AF5C-265C989ED1F1}.Release|x64.Build.0 = Release|Any CPU
		{BF11143E-C62C-4E1F-AF5C-265C989ED1F1}.Release|x86.ActiveCfg = Release|Any CPU
		{BF11143E-C62C-4E1F-AF5C-265C989ED1F1}.Release|x86.Build.0 = Release|Any CPU
		{CEC4FCDB-257B-42D1-AA6D-9D91C8937BD5}.Debug|Any CPU.ActiveCfg = Debug|Any CPU
		{CEC4FCDB-257B-42D1-AA6D-9D91C8937BD5}.Debug|Any CPU.Build.0 = Debug|Any CPU
		{CEC4FCDB-257B-42D1-AA6D-9D91C8937BD5}.Debug|x64.ActiveCfg = Debug|Any CPU
		{CEC4FCDB-257B-42D1-AA6D-9D91C8937BD5}.Debug|x64.Build.0 = Debug|Any CPU
		{CEC4FCDB-257B-42D1-AA6D-9D91C8937BD5}.Debug|x86.ActiveCfg = Debug|Any CPU
		{CEC4FCDB-257B-42D1-AA6D-9D91C8937BD5}.Debug|x86.Build.0 = Debug|Any CPU
		{CEC4FCDB-257B-42D1-AA6D-9D91C8937BD5}.Release|Any CPU.ActiveCfg = Release|Any CPU
		{CEC4FCDB-257B-42D1-AA6D-9D91C8937BD5}.Release|Any CPU.Build.0 = Release|Any CPU
		{CEC4FCDB-257B-42D1-AA6D-9D91C8937BD5}.Release|x64.ActiveCfg = Release|Any CPU
		{CEC4FCDB-257B-42D1-AA6D-9D91C8937BD5}.Release|x64.Build.0 = Release|Any CPU
		{CEC4FCDB-257B-42D1-AA6D-9D91C8937BD5}.Release|x86.ActiveCfg = Release|Any CPU
		{CEC4FCDB-257B-42D1-AA6D-9D91C8937BD5}.Release|x86.Build.0 = Release|Any CPU
		{79042909-3B19-49B4-A968-9B3DDA21F00D}.Debug|Any CPU.ActiveCfg = Debug|Any CPU
		{79042909-3B19-49B4-A968-9B3DDA21F00D}.Debug|Any CPU.Build.0 = Debug|Any CPU
		{79042909-3B19-49B4-A968-9B3DDA21F00D}.Debug|x64.ActiveCfg = Debug|Any CPU
		{79042909-3B19-49B4-A968-9B3DDA21F00D}.Debug|x64.Build.0 = Debug|Any CPU
		{79042909-3B19-49B4-A968-9B3DDA21F00D}.Debug|x86.ActiveCfg = Debug|Any CPU
		{79042909-3B19-49B4-A968-9B3DDA21F00D}.Debug|x86.Build.0 = Debug|Any CPU
		{79042909-3B19-49B4-A968-9B3DDA21F00D}.Release|Any CPU.ActiveCfg = Release|Any CPU
		{79042909-3B19-49B4-A968-9B3DDA21F00D}.Release|Any CPU.Build.0 = Release|Any CPU
		{79042909-3B19-49B4-A968-9B3DDA21F00D}.Release|x64.ActiveCfg = Release|Any CPU
		{79042909-3B19-49B4-A968-9B3DDA21F00D}.Release|x64.Build.0 = Release|Any CPU
		{79042909-3B19-49B4-A968-9B3DDA21F00D}.Release|x86.ActiveCfg = Release|Any CPU
		{79042909-3B19-49B4-A968-9B3DDA21F00D}.Release|x86.Build.0 = Release|Any CPU
		{BCD16933-6515-4B76-81DC-04F7ED9E621C}.Debug|Any CPU.ActiveCfg = Debug|Any CPU
		{BCD16933-6515-4B76-81DC-04F7ED9E621C}.Debug|Any CPU.Build.0 = Debug|Any CPU
		{BCD16933-6515-4B76-81DC-04F7ED9E621C}.Debug|x64.ActiveCfg = Debug|Any CPU
		{BCD16933-6515-4B76-81DC-04F7ED9E621C}.Debug|x64.Build.0 = Debug|Any CPU
		{BCD16933-6515-4B76-81DC-04F7ED9E621C}.Debug|x86.ActiveCfg = Debug|Any CPU
		{BCD16933-6515-4B76-81DC-04F7ED9E621C}.Debug|x86.Build.0 = Debug|Any CPU
		{BCD16933-6515-4B76-81DC-04F7ED9E621C}.Release|Any CPU.ActiveCfg = Release|Any CPU
		{BCD16933-6515-4B76-81DC-04F7ED9E621C}.Release|Any CPU.Build.0 = Release|Any CPU
		{BCD16933-6515-4B76-81DC-04F7ED9E621C}.Release|x64.ActiveCfg = Release|Any CPU
		{BCD16933-6515-4B76-81DC-04F7ED9E621C}.Release|x64.Build.0 = Release|Any CPU
		{BCD16933-6515-4B76-81DC-04F7ED9E621C}.Release|x86.ActiveCfg = Release|Any CPU
		{BCD16933-6515-4B76-81DC-04F7ED9E621C}.Release|x86.Build.0 = Release|Any CPU
		{46809316-C667-4110-A851-3695E99DAE1F}.Debug|Any CPU.ActiveCfg = Debug|Any CPU
		{46809316-C667-4110-A851-3695E99DAE1F}.Debug|Any CPU.Build.0 = Debug|Any CPU
		{46809316-C667-4110-A851-3695E99DAE1F}.Debug|x64.ActiveCfg = Debug|Any CPU
		{46809316-C667-4110-A851-3695E99DAE1F}.Debug|x64.Build.0 = Debug|Any CPU
		{46809316-C667-4110-A851-3695E99DAE1F}.Debug|x86.ActiveCfg = Debug|Any CPU
		{46809316-C667-4110-A851-3695E99DAE1F}.Debug|x86.Build.0 = Debug|Any CPU
		{46809316-C667-4110-A851-3695E99DAE1F}.Release|Any CPU.ActiveCfg = Release|Any CPU
		{46809316-C667-4110-A851-3695E99DAE1F}.Release|Any CPU.Build.0 = Release|Any CPU
		{46809316-C667-4110-A851-3695E99DAE1F}.Release|x64.ActiveCfg = Release|Any CPU
		{46809316-C667-4110-A851-3695E99DAE1F}.Release|x64.Build.0 = Release|Any CPU
		{46809316-C667-4110-A851-3695E99DAE1F}.Release|x86.ActiveCfg = Release|Any CPU
		{46809316-C667-4110-A851-3695E99DAE1F}.Release|x86.Build.0 = Release|Any CPU
		{2748110E-6928-4C0A-B9B4-03F708C234CA}.Debug|Any CPU.ActiveCfg = Debug|Any CPU
		{2748110E-6928-4C0A-B9B4-03F708C234CA}.Debug|Any CPU.Build.0 = Debug|Any CPU
		{2748110E-6928-4C0A-B9B4-03F708C234CA}.Debug|x64.ActiveCfg = Debug|Any CPU
		{2748110E-6928-4C0A-B9B4-03F708C234CA}.Debug|x64.Build.0 = Debug|Any CPU
		{2748110E-6928-4C0A-B9B4-03F708C234CA}.Debug|x86.ActiveCfg = Debug|Any CPU
		{2748110E-6928-4C0A-B9B4-03F708C234CA}.Debug|x86.Build.0 = Debug|Any CPU
		{2748110E-6928-4C0A-B9B4-03F708C234CA}.Release|Any CPU.ActiveCfg = Release|Any CPU
		{2748110E-6928-4C0A-B9B4-03F708C234CA}.Release|Any CPU.Build.0 = Release|Any CPU
		{2748110E-6928-4C0A-B9B4-03F708C234CA}.Release|x64.ActiveCfg = Release|Any CPU
		{2748110E-6928-4C0A-B9B4-03F708C234CA}.Release|x64.Build.0 = Release|Any CPU
		{2748110E-6928-4C0A-B9B4-03F708C234CA}.Release|x86.ActiveCfg = Release|Any CPU
		{2748110E-6928-4C0A-B9B4-03F708C234CA}.Release|x86.Build.0 = Release|Any CPU
		{3A6FC4BD-9C32-4B22-879B-8E038DCC4CF2}.Debug|Any CPU.ActiveCfg = Debug|Any CPU
		{3A6FC4BD-9C32-4B22-879B-8E038DCC4CF2}.Debug|Any CPU.Build.0 = Debug|Any CPU
		{3A6FC4BD-9C32-4B22-879B-8E038DCC4CF2}.Debug|x64.ActiveCfg = Debug|Any CPU
		{3A6FC4BD-9C32-4B22-879B-8E038DCC4CF2}.Debug|x64.Build.0 = Debug|Any CPU
		{3A6FC4BD-9C32-4B22-879B-8E038DCC4CF2}.Debug|x86.ActiveCfg = Debug|Any CPU
		{3A6FC4BD-9C32-4B22-879B-8E038DCC4CF2}.Debug|x86.Build.0 = Debug|Any CPU
		{3A6FC4BD-9C32-4B22-879B-8E038DCC4CF2}.Release|Any CPU.ActiveCfg = Release|Any CPU
		{3A6FC4BD-9C32-4B22-879B-8E038DCC4CF2}.Release|Any CPU.Build.0 = Release|Any CPU
		{3A6FC4BD-9C32-4B22-879B-8E038DCC4CF2}.Release|x64.ActiveCfg = Release|Any CPU
		{3A6FC4BD-9C32-4B22-879B-8E038DCC4CF2}.Release|x64.Build.0 = Release|Any CPU
		{3A6FC4BD-9C32-4B22-879B-8E038DCC4CF2}.Release|x86.ActiveCfg = Release|Any CPU
		{3A6FC4BD-9C32-4B22-879B-8E038DCC4CF2}.Release|x86.Build.0 = Release|Any CPU
		{26BE08A4-CB5F-44D0-BA50-E5472F46E013}.Debug|Any CPU.ActiveCfg = Debug|Any CPU
		{26BE08A4-CB5F-44D0-BA50-E5472F46E013}.Debug|Any CPU.Build.0 = Debug|Any CPU
		{26BE08A4-CB5F-44D0-BA50-E5472F46E013}.Debug|x64.ActiveCfg = Debug|Any CPU
		{26BE08A4-CB5F-44D0-BA50-E5472F46E013}.Debug|x64.Build.0 = Debug|Any CPU
		{26BE08A4-CB5F-44D0-BA50-E5472F46E013}.Debug|x86.ActiveCfg = Debug|Any CPU
		{26BE08A4-CB5F-44D0-BA50-E5472F46E013}.Debug|x86.Build.0 = Debug|Any CPU
		{26BE08A4-CB5F-44D0-BA50-E5472F46E013}.Release|Any CPU.ActiveCfg = Release|Any CPU
		{26BE08A4-CB5F-44D0-BA50-E5472F46E013}.Release|Any CPU.Build.0 = Release|Any CPU
		{26BE08A4-CB5F-44D0-BA50-E5472F46E013}.Release|x64.ActiveCfg = Release|Any CPU
		{26BE08A4-CB5F-44D0-BA50-E5472F46E013}.Release|x64.Build.0 = Release|Any CPU
		{26BE08A4-CB5F-44D0-BA50-E5472F46E013}.Release|x86.ActiveCfg = Release|Any CPU
		{26BE08A4-CB5F-44D0-BA50-E5472F46E013}.Release|x86.Build.0 = Release|Any CPU
		{11BB3B87-859D-4B8C-9FA4-0F29B0A85296}.Debug|Any CPU.ActiveCfg = Debug|Any CPU
		{11BB3B87-859D-4B8C-9FA4-0F29B0A85296}.Debug|Any CPU.Build.0 = Debug|Any CPU
		{11BB3B87-859D-4B8C-9FA4-0F29B0A85296}.Debug|x64.ActiveCfg = Debug|Any CPU
		{11BB3B87-859D-4B8C-9FA4-0F29B0A85296}.Debug|x64.Build.0 = Debug|Any CPU
		{11BB3B87-859D-4B8C-9FA4-0F29B0A85296}.Debug|x86.ActiveCfg = Debug|Any CPU
		{11BB3B87-859D-4B8C-9FA4-0F29B0A85296}.Debug|x86.Build.0 = Debug|Any CPU
		{11BB3B87-859D-4B8C-9FA4-0F29B0A85296}.Release|Any CPU.ActiveCfg = Release|Any CPU
		{11BB3B87-859D-4B8C-9FA4-0F29B0A85296}.Release|Any CPU.Build.0 = Release|Any CPU
		{11BB3B87-859D-4B8C-9FA4-0F29B0A85296}.Release|x64.ActiveCfg = Release|Any CPU
		{11BB3B87-859D-4B8C-9FA4-0F29B0A85296}.Release|x64.Build.0 = Release|Any CPU
		{11BB3B87-859D-4B8C-9FA4-0F29B0A85296}.Release|x86.ActiveCfg = Release|Any CPU
		{11BB3B87-859D-4B8C-9FA4-0F29B0A85296}.Release|x86.Build.0 = Release|Any CPU
		{3A4C2CBF-79AF-4FFF-BD1A-FEDBF4036FA7}.Debug|Any CPU.ActiveCfg = Debug|Any CPU
		{3A4C2CBF-79AF-4FFF-BD1A-FEDBF4036FA7}.Debug|Any CPU.Build.0 = Debug|Any CPU
		{3A4C2CBF-79AF-4FFF-BD1A-FEDBF4036FA7}.Debug|x64.ActiveCfg = Debug|Any CPU
		{3A4C2CBF-79AF-4FFF-BD1A-FEDBF4036FA7}.Debug|x64.Build.0 = Debug|Any CPU
		{3A4C2CBF-79AF-4FFF-BD1A-FEDBF4036FA7}.Debug|x86.ActiveCfg = Debug|Any CPU
		{3A4C2CBF-79AF-4FFF-BD1A-FEDBF4036FA7}.Debug|x86.Build.0 = Debug|Any CPU
		{3A4C2CBF-79AF-4FFF-BD1A-FEDBF4036FA7}.Release|Any CPU.ActiveCfg = Release|Any CPU
		{3A4C2CBF-79AF-4FFF-BD1A-FEDBF4036FA7}.Release|Any CPU.Build.0 = Release|Any CPU
		{3A4C2CBF-79AF-4FFF-BD1A-FEDBF4036FA7}.Release|x64.ActiveCfg = Release|Any CPU
		{3A4C2CBF-79AF-4FFF-BD1A-FEDBF4036FA7}.Release|x64.Build.0 = Release|Any CPU
		{3A4C2CBF-79AF-4FFF-BD1A-FEDBF4036FA7}.Release|x86.ActiveCfg = Release|Any CPU
		{3A4C2CBF-79AF-4FFF-BD1A-FEDBF4036FA7}.Release|x86.Build.0 = Release|Any CPU
		{7F371F41-A139-4E98-9FF5-FD22C2D228B7}.Debug|Any CPU.ActiveCfg = Debug|Any CPU
		{7F371F41-A139-4E98-9FF5-FD22C2D228B7}.Debug|Any CPU.Build.0 = Debug|Any CPU
		{7F371F41-A139-4E98-9FF5-FD22C2D228B7}.Debug|x64.ActiveCfg = Debug|Any CPU
		{7F371F41-A139-4E98-9FF5-FD22C2D228B7}.Debug|x64.Build.0 = Debug|Any CPU
		{7F371F41-A139-4E98-9FF5-FD22C2D228B7}.Debug|x86.ActiveCfg = Debug|Any CPU
		{7F371F41-A139-4E98-9FF5-FD22C2D228B7}.Debug|x86.Build.0 = Debug|Any CPU
		{7F371F41-A139-4E98-9FF5-FD22C2D228B7}.Release|Any CPU.ActiveCfg = Release|Any CPU
		{7F371F41-A139-4E98-9FF5-FD22C2D228B7}.Release|Any CPU.Build.0 = Release|Any CPU
		{7F371F41-A139-4E98-9FF5-FD22C2D228B7}.Release|x64.ActiveCfg = Release|Any CPU
		{7F371F41-A139-4E98-9FF5-FD22C2D228B7}.Release|x64.Build.0 = Release|Any CPU
		{7F371F41-A139-4E98-9FF5-FD22C2D228B7}.Release|x86.ActiveCfg = Release|Any CPU
		{7F371F41-A139-4E98-9FF5-FD22C2D228B7}.Release|x86.Build.0 = Release|Any CPU
		{E909B3C4-A742-415C-A774-1A68AFBC3839}.Debug|Any CPU.ActiveCfg = Debug|Any CPU
		{E909B3C4-A742-415C-A774-1A68AFBC3839}.Debug|Any CPU.Build.0 = Debug|Any CPU
		{E909B3C4-A742-415C-A774-1A68AFBC3839}.Debug|x64.ActiveCfg = Debug|x64
		{E909B3C4-A742-415C-A774-1A68AFBC3839}.Debug|x64.Build.0 = Debug|x64
		{E909B3C4-A742-415C-A774-1A68AFBC3839}.Debug|x86.ActiveCfg = Debug|x86
		{E909B3C4-A742-415C-A774-1A68AFBC3839}.Debug|x86.Build.0 = Debug|x86
		{E909B3C4-A742-415C-A774-1A68AFBC3839}.Release|Any CPU.ActiveCfg = Release|Any CPU
		{E909B3C4-A742-415C-A774-1A68AFBC3839}.Release|Any CPU.Build.0 = Release|Any CPU
		{E909B3C4-A742-415C-A774-1A68AFBC3839}.Release|x64.ActiveCfg = Release|x64
		{E909B3C4-A742-415C-A774-1A68AFBC3839}.Release|x64.Build.0 = Release|x64
		{E909B3C4-A742-415C-A774-1A68AFBC3839}.Release|x86.ActiveCfg = Release|x86
		{E909B3C4-A742-415C-A774-1A68AFBC3839}.Release|x86.Build.0 = Release|x86
		{37D777D9-5D13-44B1-80C2-39F56AB7D13E}.Debug|Any CPU.ActiveCfg = Debug|Any CPU
		{37D777D9-5D13-44B1-80C2-39F56AB7D13E}.Debug|Any CPU.Build.0 = Debug|Any CPU
		{37D777D9-5D13-44B1-80C2-39F56AB7D13E}.Debug|x64.ActiveCfg = Debug|Any CPU
		{37D777D9-5D13-44B1-80C2-39F56AB7D13E}.Debug|x64.Build.0 = Debug|Any CPU
		{37D777D9-5D13-44B1-80C2-39F56AB7D13E}.Debug|x86.ActiveCfg = Debug|Any CPU
		{37D777D9-5D13-44B1-80C2-39F56AB7D13E}.Debug|x86.Build.0 = Debug|Any CPU
		{37D777D9-5D13-44B1-80C2-39F56AB7D13E}.Release|Any CPU.ActiveCfg = Release|Any CPU
		{37D777D9-5D13-44B1-80C2-39F56AB7D13E}.Release|Any CPU.Build.0 = Release|Any CPU
		{37D777D9-5D13-44B1-80C2-39F56AB7D13E}.Release|x64.ActiveCfg = Release|Any CPU
		{37D777D9-5D13-44B1-80C2-39F56AB7D13E}.Release|x64.Build.0 = Release|Any CPU
		{37D777D9-5D13-44B1-80C2-39F56AB7D13E}.Release|x86.ActiveCfg = Release|Any CPU
		{37D777D9-5D13-44B1-80C2-39F56AB7D13E}.Release|x86.Build.0 = Release|Any CPU
		{3CFCB5E2-4AC5-4AD4-9E8D-126AEEF9EABB}.Debug|Any CPU.ActiveCfg = Debug|Any CPU
		{3CFCB5E2-4AC5-4AD4-9E8D-126AEEF9EABB}.Debug|Any CPU.Build.0 = Debug|Any CPU
		{3CFCB5E2-4AC5-4AD4-9E8D-126AEEF9EABB}.Debug|x64.ActiveCfg = Debug|Any CPU
		{3CFCB5E2-4AC5-4AD4-9E8D-126AEEF9EABB}.Debug|x64.Build.0 = Debug|Any CPU
		{3CFCB5E2-4AC5-4AD4-9E8D-126AEEF9EABB}.Debug|x86.ActiveCfg = Debug|Any CPU
		{3CFCB5E2-4AC5-4AD4-9E8D-126AEEF9EABB}.Debug|x86.Build.0 = Debug|Any CPU
		{3CFCB5E2-4AC5-4AD4-9E8D-126AEEF9EABB}.Release|Any CPU.ActiveCfg = Release|Any CPU
		{3CFCB5E2-4AC5-4AD4-9E8D-126AEEF9EABB}.Release|Any CPU.Build.0 = Release|Any CPU
		{3CFCB5E2-4AC5-4AD4-9E8D-126AEEF9EABB}.Release|x64.ActiveCfg = Release|Any CPU
		{3CFCB5E2-4AC5-4AD4-9E8D-126AEEF9EABB}.Release|x64.Build.0 = Release|Any CPU
		{3CFCB5E2-4AC5-4AD4-9E8D-126AEEF9EABB}.Release|x86.ActiveCfg = Release|Any CPU
		{3CFCB5E2-4AC5-4AD4-9E8D-126AEEF9EABB}.Release|x86.Build.0 = Release|Any CPU
		{0CC1B187-D843-4345-AE5C-4948493E7ACD}.Debug|Any CPU.ActiveCfg = Debug|Any CPU
		{0CC1B187-D843-4345-AE5C-4948493E7ACD}.Debug|Any CPU.Build.0 = Debug|Any CPU
		{0CC1B187-D843-4345-AE5C-4948493E7ACD}.Debug|x64.ActiveCfg = Debug|Any CPU
		{0CC1B187-D843-4345-AE5C-4948493E7ACD}.Debug|x64.Build.0 = Debug|Any CPU
		{0CC1B187-D843-4345-AE5C-4948493E7ACD}.Debug|x86.ActiveCfg = Debug|Any CPU
		{0CC1B187-D843-4345-AE5C-4948493E7ACD}.Debug|x86.Build.0 = Debug|Any CPU
		{0CC1B187-D843-4345-AE5C-4948493E7ACD}.Release|Any CPU.ActiveCfg = Release|Any CPU
		{0CC1B187-D843-4345-AE5C-4948493E7ACD}.Release|Any CPU.Build.0 = Release|Any CPU
		{0CC1B187-D843-4345-AE5C-4948493E7ACD}.Release|x64.ActiveCfg = Release|Any CPU
		{0CC1B187-D843-4345-AE5C-4948493E7ACD}.Release|x64.Build.0 = Release|Any CPU
		{0CC1B187-D843-4345-AE5C-4948493E7ACD}.Release|x86.ActiveCfg = Release|Any CPU
		{0CC1B187-D843-4345-AE5C-4948493E7ACD}.Release|x86.Build.0 = Release|Any CPU
	EndGlobalSection
	GlobalSection(SolutionProperties) = preSolution
		HideSolutionNode = FALSE
	EndGlobalSection
	GlobalSection(NestedProjects) = preSolution
		{27CA0440-6990-4A34-8F71-A02751476D76} = {5D20AA90-6969-D8BD-9DCD-8634F4692FDA}
		{8A3C3C76-496F-4201-A8E4-2B2C7D5AFAE1} = {827E0CD3-B72D-47B6-A68D-7590B98EB39B}
		{535CD1D3-64D3-4A81-BC45-1D25FF94902B} = {827E0CD3-B72D-47B6-A68D-7590B98EB39B}
		{AC7D9C37-912B-45AB-949D-7A9ECF579C6E} = {5D20AA90-6969-D8BD-9DCD-8634F4692FDA}
		{BF11143E-C62C-4E1F-AF5C-265C989ED1F1} = {5D20AA90-6969-D8BD-9DCD-8634F4692FDA}
		{CEC4FCDB-257B-42D1-AA6D-9D91C8937BD5} = {827E0CD3-B72D-47B6-A68D-7590B98EB39B}
		{79042909-3B19-49B4-A968-9B3DDA21F00D} = {827E0CD3-B72D-47B6-A68D-7590B98EB39B}
		{BCD16933-6515-4B76-81DC-04F7ED9E621C} = {827E0CD3-B72D-47B6-A68D-7590B98EB39B}
		{46809316-C667-4110-A851-3695E99DAE1F} = {5D20AA90-6969-D8BD-9DCD-8634F4692FDA}
		{2748110E-6928-4C0A-B9B4-03F708C234CA} = {5D20AA90-6969-D8BD-9DCD-8634F4692FDA}
		{E3B6B3D1-F72C-C946-E01C-1F80FD308419} = {827E0CD3-B72D-47B6-A68D-7590B98EB39B}
		{3A6FC4BD-9C32-4B22-879B-8E038DCC4CF2} = {E3B6B3D1-F72C-C946-E01C-1F80FD308419}
		{C144B3C5-CC24-2D8D-A77F-EB45B14B44B2} = {827E0CD3-B72D-47B6-A68D-7590B98EB39B}
		{26BE08A4-CB5F-44D0-BA50-E5472F46E013} = {C144B3C5-CC24-2D8D-A77F-EB45B14B44B2}
		{C5426E1D-1593-DF81-789F-E99A6EDCFD8C} = {827E0CD3-B72D-47B6-A68D-7590B98EB39B}
		{11BB3B87-859D-4B8C-9FA4-0F29B0A85296} = {C5426E1D-1593-DF81-789F-E99A6EDCFD8C}
		{3A4C2CBF-79AF-4FFF-BD1A-FEDBF4036FA7} = {827E0CD3-B72D-47B6-A68D-7590B98EB39B}
		{7F371F41-A139-4E98-9FF5-FD22C2D228B7} = {827E0CD3-B72D-47B6-A68D-7590B98EB39B}
		{E909B3C4-A742-415C-A774-1A68AFBC3839} = {827E0CD3-B72D-47B6-A68D-7590B98EB39B}
		{37D777D9-5D13-44B1-80C2-39F56AB7D13E} = {827E0CD3-B72D-47B6-A68D-7590B98EB39B}
		{3CFCB5E2-4AC5-4AD4-9E8D-126AEEF9EABB} = {0AB3BF05-4346-4AA6-1389-037BE0695223}
		{0CC1B187-D843-4345-AE5C-4948493E7ACD} = {0AB3BF05-4346-4AA6-1389-037BE0695223}
	EndGlobalSection
EndGlobal
